
Microsoft Visual Studio Solution File, Format Version 12.00
# Visual Studio Version 17
VisualStudioVersion = 17.6.33417.168
MinimumVisualStudioVersion = 10.0.40219.1
Project("{FAE04EC0-301F-11D3-BF4B-00C04F79EFBC}") = "kdpReportStatics", "kdpReportStatics\kdpReportStatics.csproj", "{F52451AA-D645-40D2-8E29-27FA58E228CC}"
EndProject
Global
	GlobalSection(SolutionConfigurationPlatforms) = preSolution
		Debug|Any CPU = Debug|Any CPU
		Release|Any CPU = Release|Any CPU
	EndGlobalSection
	GlobalSection(ProjectConfigurationPlatforms) = postSolution
		{F52451AA-D645-40D2-8E29-27FA58E228CC}.Debug|Any CPU.ActiveCfg = Debug|Any CPU
		{F52451AA-D645-40D2-8E29-27FA58E228CC}.Debug|Any CPU.Build.0 = Debug|Any CPU
		{F52451AA-D645-40D2-8E29-27FA58E228CC}.Release|Any CPU.ActiveCfg = Release|Any CPU
		{F52451AA-D645-40D2-8E29-27FA58E228CC}.Release|Any CPU.Build.0 = Release|Any CPU
	EndGlobalSection
	GlobalSection(SolutionProperties) = preSolution
		HideSolutionNode = FALSE
	EndGlobalSection
	GlobalSection(ExtensibilityGlobals) = postSolution
		SolutionGuid = {779C65B6-B330-4B7F-9832-F2D9607EA69A}
	EndGlobalSection
EndGlobal
